
Microsoft Visual Studio Solution File, Format Version 12.00
# Visual Studio 15
VisualStudioVersion = 15.0.27428.2043
MinimumVisualStudioVersion = 10.0.40219.1
Project("{FAE04EC0-301F-11D3-BF4B-00C04F79EFBC}") = "MovingBallons", "MovingBallons\MovingBallons.csproj", "{37D081E5-A3FD-4871-A70C-DFADFDC1283D}"
EndProject
Global
	GlobalSection(SolutionConfigurationPlatforms) = preSolution
		Debug|Any CPU = Debug|Any CPU
		Release|Any CPU = Release|Any CPU
	EndGlobalSection
	GlobalSection(ProjectConfigurationPlatforms) = postSolution
		{37D081E5-A3FD-4871-A70C-DFADFDC1283D}.Debug|Any CPU.ActiveCfg = Debug|Any CPU
		{37D081E5-A3FD-4871-A70C-DFADFDC1283D}.Debug|Any CPU.Build.0 = Debug|Any CPU
		{37D081E5-A3FD-4871-A70C-DFADFDC1283D}.Release|Any CPU.ActiveCfg = Release|Any CPU
		{37D081E5-A3FD-4871-A70C-DFADFDC1283D}.Release|Any CPU.Build.0 = Release|Any CPU
	EndGlobalSection
	GlobalSection(SolutionProperties) = preSolution
		HideSolutionNode = FALSE
	EndGlobalSection
	GlobalSection(ExtensibilityGlobals) = postSolution
		SolutionGuid = {3E13DFF6-96F5-4345-97B9-261535773B71}
	EndGlobalSection
EndGlobal
