
Microsoft Visual Studio Solution File, Format Version 12.00
# Visual Studio 15
VisualStudioVersion = 15.0.27130.2027
MinimumVisualStudioVersion = 10.0.40219.1
Project("{FAE04EC0-301F-11D3-BF4B-00C04F79EFBC}") = "Automobiles", "Automobiles\Automobiles.csproj", "{288A525A-80E2-4B6C-8FCB-11EF446E3081}"
EndProject
Global
	GlobalSection(SolutionConfigurationPlatforms) = preSolution
		Debug|Any CPU = Debug|Any CPU
		Release|Any CPU = Release|Any CPU
	EndGlobalSection
	GlobalSection(ProjectConfigurationPlatforms) = postSolution
		{288A525A-80E2-4B6C-8FCB-11EF446E3081}.Debug|Any CPU.ActiveCfg = Debug|Any CPU
		{288A525A-80E2-4B6C-8FCB-11EF446E3081}.Debug|Any CPU.Build.0 = Debug|Any CPU
		{288A525A-80E2-4B6C-8FCB-11EF446E3081}.Release|Any CPU.ActiveCfg = Release|Any CPU
		{288A525A-80E2-4B6C-8FCB-11EF446E3081}.Release|Any CPU.Build.0 = Release|Any CPU
	EndGlobalSection
	GlobalSection(SolutionProperties) = preSolution
		HideSolutionNode = FALSE
	EndGlobalSection
	GlobalSection(ExtensibilityGlobals) = postSolution
		SolutionGuid = {27967524-D217-45B5-B3B6-C9314D11685D}
	EndGlobalSection
EndGlobal
