
Microsoft Visual Studio Solution File, Format Version 12.00
# Visual Studio 15
VisualStudioVersion = 15.0.27130.2027
MinimumVisualStudioVersion = 10.0.40219.1
Project("{FAE04EC0-301F-11D3-BF4B-00C04F79EFBC}") = "Airports", "Airports\Airports.csproj", "{5C21CF18-A4C7-4F6B-ACF0-6D7D0BF780B7}"
EndProject
Global
	GlobalSection(SolutionConfigurationPlatforms) = preSolution
		Debug|Any CPU = Debug|Any CPU
		Release|Any CPU = Release|Any CPU
	EndGlobalSection
	GlobalSection(ProjectConfigurationPlatforms) = postSolution
		{5C21CF18-A4C7-4F6B-ACF0-6D7D0BF780B7}.Debug|Any CPU.ActiveCfg = Debug|Any CPU
		{5C21CF18-A4C7-4F6B-ACF0-6D7D0BF780B7}.Debug|Any CPU.Build.0 = Debug|Any CPU
		{5C21CF18-A4C7-4F6B-ACF0-6D7D0BF780B7}.Release|Any CPU.ActiveCfg = Release|Any CPU
		{5C21CF18-A4C7-4F6B-ACF0-6D7D0BF780B7}.Release|Any CPU.Build.0 = Release|Any CPU
	EndGlobalSection
	GlobalSection(SolutionProperties) = preSolution
		HideSolutionNode = FALSE
	EndGlobalSection
	GlobalSection(ExtensibilityGlobals) = postSolution
		SolutionGuid = {A7B2C497-EE1D-49DB-B9FD-4D24A4F06153}
	EndGlobalSection
EndGlobal
