
Microsoft Visual Studio Solution File, Format Version 12.00
# Visual Studio 15
VisualStudioVersion = 15.0.27130.2027
MinimumVisualStudioVersion = 10.0.40219.1
Project("{FAE04EC0-301F-11D3-BF4B-00C04F79EFBC}") = "Lab11", "Lab11\Lab11.csproj", "{BA94D6BD-9266-4EA8-A0C9-D93417DA999B}"
EndProject
Project("{FAE04EC0-301F-11D3-BF4B-00C04F79EFBC}") = "Lab12", "Lab12\Lab12.csproj", "{7394E4FD-38A1-486E-9EBC-544D930FB711}"
EndProject
Project("{FAE04EC0-301F-11D3-BF4B-00C04F79EFBC}") = "Lab13", "Lab13\Lab13.csproj", "{66A8FBC5-3E12-4924-B64D-AE2C5C2EE434}"
EndProject
Project("{FAE04EC0-301F-11D3-BF4B-00C04F79EFBC}") = "Lab14", "Lab14\Lab14.csproj", "{7C4D22FA-C7B8-4092-9439-8E3724EEC160}"
EndProject
Project("{FAE04EC0-301F-11D3-BF4B-00C04F79EFBC}") = "Lab15", "Lab15\Lab15.csproj", "{77DD38BA-B231-46A5-9F49-DA196B6F2A40}"
EndProject
Global
	GlobalSection(SolutionConfigurationPlatforms) = preSolution
		Debug|Any CPU = Debug|Any CPU
		Release|Any CPU = Release|Any CPU
	EndGlobalSection
	GlobalSection(ProjectConfigurationPlatforms) = postSolution
		{BA94D6BD-9266-4EA8-A0C9-D93417DA999B}.Debug|Any CPU.ActiveCfg = Debug|Any CPU
		{BA94D6BD-9266-4EA8-A0C9-D93417DA999B}.Debug|Any CPU.Build.0 = Debug|Any CPU
		{BA94D6BD-9266-4EA8-A0C9-D93417DA999B}.Release|Any CPU.ActiveCfg = Release|Any CPU
		{BA94D6BD-9266-4EA8-A0C9-D93417DA999B}.Release|Any CPU.Build.0 = Release|Any CPU
		{7394E4FD-38A1-486E-9EBC-544D930FB711}.Debug|Any CPU.ActiveCfg = Debug|Any CPU
		{7394E4FD-38A1-486E-9EBC-544D930FB711}.Debug|Any CPU.Build.0 = Debug|Any CPU
		{7394E4FD-38A1-486E-9EBC-544D930FB711}.Release|Any CPU.ActiveCfg = Release|Any CPU
		{7394E4FD-38A1-486E-9EBC-544D930FB711}.Release|Any CPU.Build.0 = Release|Any CPU
		{66A8FBC5-3E12-4924-B64D-AE2C5C2EE434}.Debug|Any CPU.ActiveCfg = Debug|Any CPU
		{66A8FBC5-3E12-4924-B64D-AE2C5C2EE434}.Debug|Any CPU.Build.0 = Debug|Any CPU
		{66A8FBC5-3E12-4924-B64D-AE2C5C2EE434}.Release|Any CPU.ActiveCfg = Release|Any CPU
		{66A8FBC5-3E12-4924-B64D-AE2C5C2EE434}.Release|Any CPU.Build.0 = Release|Any CPU
		{7C4D22FA-C7B8-4092-9439-8E3724EEC160}.Debug|Any CPU.ActiveCfg = Debug|Any CPU
		{7C4D22FA-C7B8-4092-9439-8E3724EEC160}.Debug|Any CPU.Build.0 = Debug|Any CPU
		{7C4D22FA-C7B8-4092-9439-8E3724EEC160}.Release|Any CPU.ActiveCfg = Release|Any CPU
		{7C4D22FA-C7B8-4092-9439-8E3724EEC160}.Release|Any CPU.Build.0 = Release|Any CPU
		{77DD38BA-B231-46A5-9F49-DA196B6F2A40}.Debug|Any CPU.ActiveCfg = Debug|Any CPU
		{77DD38BA-B231-46A5-9F49-DA196B6F2A40}.Debug|Any CPU.Build.0 = Debug|Any CPU
		{77DD38BA-B231-46A5-9F49-DA196B6F2A40}.Release|Any CPU.ActiveCfg = Release|Any CPU
		{77DD38BA-B231-46A5-9F49-DA196B6F2A40}.Release|Any CPU.Build.0 = Release|Any CPU
	EndGlobalSection
	GlobalSection(SolutionProperties) = preSolution
		HideSolutionNode = FALSE
	EndGlobalSection
	GlobalSection(ExtensibilityGlobals) = postSolution
		SolutionGuid = {6EED9FE9-CADF-4EB1-8332-54299115A8F0}
	EndGlobalSection
EndGlobal
